// !$*UTF8*$!
{
	archiveVersion = 1;
	classes = {
	};
	objectVersion = 55;
	objects = {

/* Begin PBXBuildFile section */
		713DFE54288B26470070113A /* FirebaseAuth in Frameworks */ = {isa = PBXBuildFile; productRef = 713DFE53288B26470070113A /* FirebaseAuth */; };
		713DFE56288B26470070113A /* FirebaseAuthCombine-Community in Frameworks */ = {isa = PBXBuildFile; productRef = 713DFE55288B26470070113A /* FirebaseAuthCombine-Community */; };
		713DFE58288B26470070113A /* FirebaseDatabase in Frameworks */ = {isa = PBXBuildFile; productRef = 713DFE57288B26470070113A /* FirebaseDatabase */; };
		713DFE5A288B26470070113A /* FirebaseDatabaseSwift in Frameworks */ = {isa = PBXBuildFile; productRef = 713DFE59288B26470070113A /* FirebaseDatabaseSwift */; };
		713DFE5C288B26470070113A /* FirebaseFirestore in Frameworks */ = {isa = PBXBuildFile; productRef = 713DFE5B288B26470070113A /* FirebaseFirestore */; };
		713DFE5E288B26470070113A /* FirebaseFirestoreSwift in Frameworks */ = {isa = PBXBuildFile; productRef = 713DFE5D288B26470070113A /* FirebaseFirestoreSwift */; };
		713DFE60288B26470070113A /* FirebaseFunctions in Frameworks */ = {isa = PBXBuildFile; productRef = 713DFE5F288B26470070113A /* FirebaseFunctions */; };
		713DFE62288B26470070113A /* FirebaseFunctionsCombine-Community in Frameworks */ = {isa = PBXBuildFile; productRef = 713DFE61288B26470070113A /* FirebaseFunctionsCombine-Community */; };
		713DFE64288B26470070113A /* FirebaseInAppMessaging-Beta in Frameworks */ = {isa = PBXBuildFile; productRef = 713DFE63288B26470070113A /* FirebaseInAppMessaging-Beta */; };
		713DFE66288B26470070113A /* FirebaseInAppMessagingSwift-Beta in Frameworks */ = {isa = PBXBuildFile; productRef = 713DFE65288B26470070113A /* FirebaseInAppMessagingSwift-Beta */; };
		713DFE68288B26470070113A /* FirebaseInstallations in Frameworks */ = {isa = PBXBuildFile; productRef = 713DFE67288B26470070113A /* FirebaseInstallations */; };
		713DFE6A288B26470070113A /* FirebaseMessaging in Frameworks */ = {isa = PBXBuildFile; productRef = 713DFE69288B26470070113A /* FirebaseMessaging */; };
		713DFE6C288B26470070113A /* FirebaseStorage in Frameworks */ = {isa = PBXBuildFile; productRef = 713DFE6B288B26470070113A /* FirebaseStorage */; };
		713DFE6E288B27A30070113A /* GoogleService-Info.plist in Resources */ = {isa = PBXBuildFile; fileRef = 713DFE6D288B27A30070113A /* GoogleService-Info.plist */; };
		7184ACAB28719232007D0D22 /* LoginViewController.swift in Sources */ = {isa = PBXBuildFile; fileRef = 7184ACAA28719232007D0D22 /* LoginViewController.swift */; };
		7184ACAD28719241007D0D22 /* RegisterViewController.swift in Sources */ = {isa = PBXBuildFile; fileRef = 7184ACAC28719241007D0D22 /* RegisterViewController.swift */; };
		7184ACAF28719268007D0D22 /* PhotoViewerViewController.swift in Sources */ = {isa = PBXBuildFile; fileRef = 7184ACAE28719268007D0D22 /* PhotoViewerViewController.swift */; };
		7184ACB128719279007D0D22 /* VideoPlayerViewController.swift in Sources */ = {isa = PBXBuildFile; fileRef = 7184ACB028719279007D0D22 /* VideoPlayerViewController.swift */; };
		7184ACB3287192A1007D0D22 /* NewConversationViewController.swift in Sources */ = {isa = PBXBuildFile; fileRef = 7184ACB2287192A1007D0D22 /* NewConversationViewController.swift */; };
		7184ACB5287192B3007D0D22 /* ProfileViewController.swift in Sources */ = {isa = PBXBuildFile; fileRef = 7184ACB4287192B3007D0D22 /* ProfileViewController.swift */; };
		7193C3C62870C2E500CBEBF1 /* AppDelegate.swift in Sources */ = {isa = PBXBuildFile; fileRef = 7193C3C52870C2E500CBEBF1 /* AppDelegate.swift */; };
		7193C3C82870C2E500CBEBF1 /* SceneDelegate.swift in Sources */ = {isa = PBXBuildFile; fileRef = 7193C3C72870C2E500CBEBF1 /* SceneDelegate.swift */; };
		7193C3CA2870C2E500CBEBF1 /* ConversationsViewController.swift in Sources */ = {isa = PBXBuildFile; fileRef = 7193C3C92870C2E500CBEBF1 /* ConversationsViewController.swift */; };
		7193C3CD2870C2E500CBEBF1 /* Main.storyboard in Resources */ = {isa = PBXBuildFile; fileRef = 7193C3CB2870C2E500CBEBF1 /* Main.storyboard */; };
		7193C3CF2870C2E600CBEBF1 /* Assets.xcassets in Resources */ = {isa = PBXBuildFile; fileRef = 7193C3CE2870C2E600CBEBF1 /* Assets.xcassets */; };
		7193C3D22870C2E600CBEBF1 /* LaunchScreen.storyboard in Resources */ = {isa = PBXBuildFile; fileRef = 7193C3D02870C2E600CBEBF1 /* LaunchScreen.storyboard */; };
		71CC85CE2871D31400C62B10 /* Extensions.swift in Sources */ = {isa = PBXBuildFile; fileRef = 71CC85CD2871D31400C62B10 /* Extensions.swift */; };
/* End PBXBuildFile section */

/* Begin PBXFileReference section */
		713DFE6D288B27A30070113A /* GoogleService-Info.plist */ = {isa = PBXFileReference; fileEncoding = 4; lastKnownFileType = text.plist.xml; path = "GoogleService-Info.plist"; sourceTree = "<group>"; };
		7184ACAA28719232007D0D22 /* LoginViewController.swift */ = {isa = PBXFileReference; lastKnownFileType = sourcecode.swift; path = LoginViewController.swift; sourceTree = "<group>"; };
		7184ACAC28719241007D0D22 /* RegisterViewController.swift */ = {isa = PBXFileReference; lastKnownFileType = sourcecode.swift; path = RegisterViewController.swift; sourceTree = "<group>"; };
		7184ACAE28719268007D0D22 /* PhotoViewerViewController.swift */ = {isa = PBXFileReference; lastKnownFileType = sourcecode.swift; path = PhotoViewerViewController.swift; sourceTree = "<group>"; };
		7184ACB028719279007D0D22 /* VideoPlayerViewController.swift */ = {isa = PBXFileReference; lastKnownFileType = sourcecode.swift; path = VideoPlayerViewController.swift; sourceTree = "<group>"; };
		7184ACB2287192A1007D0D22 /* NewConversationViewController.swift */ = {isa = PBXFileReference; lastKnownFileType = sourcecode.swift; path = NewConversationViewController.swift; sourceTree = "<group>"; };
		7184ACB4287192B3007D0D22 /* ProfileViewController.swift */ = {isa = PBXFileReference; lastKnownFileType = sourcecode.swift; path = ProfileViewController.swift; sourceTree = "<group>"; };
		7193C3C22870C2E500CBEBF1 /* OgusChat.app */ = {isa = PBXFileReference; explicitFileType = wrapper.application; includeInIndex = 0; path = OgusChat.app; sourceTree = BUILT_PRODUCTS_DIR; };
		7193C3C52870C2E500CBEBF1 /* AppDelegate.swift */ = {isa = PBXFileReference; lastKnownFileType = sourcecode.swift; path = AppDelegate.swift; sourceTree = "<group>"; };
		7193C3C72870C2E500CBEBF1 /* SceneDelegate.swift */ = {isa = PBXFileReference; lastKnownFileType = sourcecode.swift; path = SceneDelegate.swift; sourceTree = "<group>"; };
		7193C3C92870C2E500CBEBF1 /* ConversationsViewController.swift */ = {isa = PBXFileReference; lastKnownFileType = sourcecode.swift; path = ConversationsViewController.swift; sourceTree = "<group>"; };
		7193C3CC2870C2E500CBEBF1 /* Base */ = {isa = PBXFileReference; lastKnownFileType = file.storyboard; name = Base; path = Base.lproj/Main.storyboard; sourceTree = "<group>"; };
		7193C3CE2870C2E600CBEBF1 /* Assets.xcassets */ = {isa = PBXFileReference; lastKnownFileType = folder.assetcatalog; path = Assets.xcassets; sourceTree = "<group>"; };
		7193C3D12870C2E600CBEBF1 /* Base */ = {isa = PBXFileReference; lastKnownFileType = file.storyboard; name = Base; path = Base.lproj/LaunchScreen.storyboard; sourceTree = "<group>"; };
		7193C3D32870C2E600CBEBF1 /* Info.plist */ = {isa = PBXFileReference; lastKnownFileType = text.plist.xml; path = Info.plist; sourceTree = "<group>"; };
		71CC85CD2871D31400C62B10 /* Extensions.swift */ = {isa = PBXFileReference; lastKnownFileType = sourcecode.swift; path = Extensions.swift; sourceTree = "<group>"; };
/* End PBXFileReference section */

/* Begin PBXFrameworksBuildPhase section */
		7193C3BF2870C2E500CBEBF1 /* Frameworks */ = {
			isa = PBXFrameworksBuildPhase;
			buildActionMask = 2147483647;
			files = (
				713DFE6A288B26470070113A /* FirebaseMessaging in Frameworks */,
				713DFE68288B26470070113A /* FirebaseInstallations in Frameworks */,
				713DFE5A288B26470070113A /* FirebaseDatabaseSwift in Frameworks */,
				713DFE60288B26470070113A /* FirebaseFunctions in Frameworks */,
				713DFE66288B26470070113A /* FirebaseInAppMessagingSwift-Beta in Frameworks */,
				713DFE64288B26470070113A /* FirebaseInAppMessaging-Beta in Frameworks */,
				713DFE58288B26470070113A /* FirebaseDatabase in Frameworks */,
				713DFE54288B26470070113A /* FirebaseAuth in Frameworks */,
				713DFE6C288B26470070113A /* FirebaseStorage in Frameworks */,
				713DFE5C288B26470070113A /* FirebaseFirestore in Frameworks */,
				713DFE56288B26470070113A /* FirebaseAuthCombine-Community in Frameworks */,
				713DFE5E288B26470070113A /* FirebaseFirestoreSwift in Frameworks */,
				713DFE62288B26470070113A /* FirebaseFunctionsCombine-Community in Frameworks */,
			);
			runOnlyForDeploymentPostprocessing = 0;
		};
/* End PBXFrameworksBuildPhase section */

/* Begin PBXGroup section */
		7184ACA4287190A9007D0D22 /* Controllers */ = {
			isa = PBXGroup;
			children = (
				7193C3C92870C2E500CBEBF1 /* ConversationsViewController.swift */,
				71CC85CC2871CD3000C62B10 /* Login */,
				7184ACAE28719268007D0D22 /* PhotoViewerViewController.swift */,
				7184ACB028719279007D0D22 /* VideoPlayerViewController.swift */,
				7184ACB2287192A1007D0D22 /* NewConversationViewController.swift */,
				7184ACB4287192B3007D0D22 /* ProfileViewController.swift */,
			);
			path = Controllers;
			sourceTree = "<group>";
		};
		7184ACA5287190BB007D0D22 /* Views */ = {
			isa = PBXGroup;
			children = (
				7184ACA92871911D007D0D22 /* Storyboards */,
				7193C3CE2870C2E600CBEBF1 /* Assets.xcassets */,
			);
			path = Views;
			sourceTree = "<group>";
		};
		7184ACA6287190C2007D0D22 /* Models */ = {
			isa = PBXGroup;
			children = (
			);
			path = Models;
			sourceTree = "<group>";
		};
		7184ACA7287190C7007D0D22 /* ViewsModels */ = {
			isa = PBXGroup;
			children = (
			);
			path = ViewsModels;
			sourceTree = "<group>";
		};
		7184ACA8287190D4007D0D22 /* Resources */ = {
			isa = PBXGroup;
			children = (
				7193C3C52870C2E500CBEBF1 /* AppDelegate.swift */,
				7193C3C72870C2E500CBEBF1 /* SceneDelegate.swift */,
				71CC85CD2871D31400C62B10 /* Extensions.swift */,
			);
			path = Resources;
			sourceTree = "<group>";
		};
		7184ACA92871911D007D0D22 /* Storyboards */ = {
			isa = PBXGroup;
			children = (
				7193C3CB2870C2E500CBEBF1 /* Main.storyboard */,
				7193C3D02870C2E600CBEBF1 /* LaunchScreen.storyboard */,
			);
			path = Storyboards;
			sourceTree = "<group>";
		};
		7193C3B92870C2E500CBEBF1 = {
			isa = PBXGroup;
			children = (
				7193C3C42870C2E500CBEBF1 /* OgusChat */,
				7193C3C32870C2E500CBEBF1 /* Products */,
			);
			sourceTree = "<group>";
		};
		7193C3C32870C2E500CBEBF1 /* Products */ = {
			isa = PBXGroup;
			children = (
				7193C3C22870C2E500CBEBF1 /* OgusChat.app */,
			);
			name = Products;
			sourceTree = "<group>";
		};
		7193C3C42870C2E500CBEBF1 /* OgusChat */ = {
			isa = PBXGroup;
			children = (
				713DFE6D288B27A30070113A /* GoogleService-Info.plist */,
				7184ACA8287190D4007D0D22 /* Resources */,
				7184ACA7287190C7007D0D22 /* ViewsModels */,
				7184ACA6287190C2007D0D22 /* Models */,
				7184ACA5287190BB007D0D22 /* Views */,
				7184ACA4287190A9007D0D22 /* Controllers */,
				7193C3D32870C2E600CBEBF1 /* Info.plist */,
			);
			path = OgusChat;
			sourceTree = "<group>";
		};
		71CC85CC2871CD3000C62B10 /* Login */ = {
			isa = PBXGroup;
			children = (
				7184ACAA28719232007D0D22 /* LoginViewController.swift */,
				7184ACAC28719241007D0D22 /* RegisterViewController.swift */,
			);
			path = Login;
			sourceTree = "<group>";
		};
/* End PBXGroup section */

/* Begin PBXNativeTarget section */
		7193C3C12870C2E500CBEBF1 /* OgusChat */ = {
			isa = PBXNativeTarget;
			buildConfigurationList = 7193C3D62870C2E600CBEBF1 /* Build configuration list for PBXNativeTarget "OgusChat" */;
			buildPhases = (
				7193C3BE2870C2E500CBEBF1 /* Sources */,
				7193C3BF2870C2E500CBEBF1 /* Frameworks */,
				7193C3C02870C2E500CBEBF1 /* Resources */,
			);
			buildRules = (
			);
			dependencies = (
			);
			name = OgusChat;
			packageProductDependencies = (
				713DFE53288B26470070113A /* FirebaseAuth */,
				713DFE55288B26470070113A /* FirebaseAuthCombine-Community */,
				713DFE57288B26470070113A /* FirebaseDatabase */,
				713DFE59288B26470070113A /* FirebaseDatabaseSwift */,
				713DFE5B288B26470070113A /* FirebaseFirestore */,
				713DFE5D288B26470070113A /* FirebaseFirestoreSwift */,
				713DFE5F288B26470070113A /* FirebaseFunctions */,
				713DFE61288B26470070113A /* FirebaseFunctionsCombine-Community */,
				713DFE63288B26470070113A /* FirebaseInAppMessaging-Beta */,
				713DFE65288B26470070113A /* FirebaseInAppMessagingSwift-Beta */,
				713DFE67288B26470070113A /* FirebaseInstallations */,
				713DFE69288B26470070113A /* FirebaseMessaging */,
				713DFE6B288B26470070113A /* FirebaseStorage */,
			);
			productName = OgusChat;
			productReference = 7193C3C22870C2E500CBEBF1 /* OgusChat.app */;
			productType = "com.apple.product-type.application";
		};
/* End PBXNativeTarget section */

/* Begin PBXProject section */
		7193C3BA2870C2E500CBEBF1 /* Project object */ = {
			isa = PBXProject;
			attributes = {
				BuildIndependentTargetsInParallel = 1;
				LastSwiftUpdateCheck = 1340;
				LastUpgradeCheck = 1340;
				TargetAttributes = {
					7193C3C12870C2E500CBEBF1 = {
						CreatedOnToolsVersion = 13.4.1;
					};
				};
			};
			buildConfigurationList = 7193C3BD2870C2E500CBEBF1 /* Build configuration list for PBXProject "OgusChat" */;
			compatibilityVersion = "Xcode 13.0";
			developmentRegion = en;
			hasScannedForEncodings = 0;
			knownRegions = (
				en,
				Base,
			);
			mainGroup = 7193C3B92870C2E500CBEBF1;
			packageReferences = (
				713DFE52288B26470070113A /* XCRemoteSwiftPackageReference "firebase-ios-sdk" */,
			);
			productRefGroup = 7193C3C32870C2E500CBEBF1 /* Products */;
			projectDirPath = "";
			projectRoot = "";
			targets = (
				7193C3C12870C2E500CBEBF1 /* OgusChat */,
			);
		};
/* End PBXProject section */

/* Begin PBXResourcesBuildPhase section */
		7193C3C02870C2E500CBEBF1 /* Resources */ = {
			isa = PBXResourcesBuildPhase;
			buildActionMask = 2147483647;
			files = (
				7193C3D22870C2E600CBEBF1 /* LaunchScreen.storyboard in Resources */,
				713DFE6E288B27A30070113A /* GoogleService-Info.plist in Resources */,
				7193C3CF2870C2E600CBEBF1 /* Assets.xcassets in Resources */,
				7193C3CD2870C2E500CBEBF1 /* Main.storyboard in Resources */,
			);
			runOnlyForDeploymentPostprocessing = 0;
		};
/* End PBXResourcesBuildPhase section */

/* Begin PBXSourcesBuildPhase section */
		7193C3BE2870C2E500CBEBF1 /* Sources */ = {
			isa = PBXSourcesBuildPhase;
			buildActionMask = 2147483647;
			files = (
				7184ACAB28719232007D0D22 /* LoginViewController.swift in Sources */,
				7184ACAD28719241007D0D22 /* RegisterViewController.swift in Sources */,
				7184ACB3287192A1007D0D22 /* NewConversationViewController.swift in Sources */,
				7193C3CA2870C2E500CBEBF1 /* ConversationsViewController.swift in Sources */,
				7184ACB128719279007D0D22 /* VideoPlayerViewController.swift in Sources */,
				71CC85CE2871D31400C62B10 /* Extensions.swift in Sources */,
				7193C3C62870C2E500CBEBF1 /* AppDelegate.swift in Sources */,
				7184ACB5287192B3007D0D22 /* ProfileViewController.swift in Sources */,
				7193C3C82870C2E500CBEBF1 /* SceneDelegate.swift in Sources */,
				7184ACAF28719268007D0D22 /* PhotoViewerViewController.swift in Sources */,
			);
			runOnlyForDeploymentPostprocessing = 0;
		};
/* End PBXSourcesBuildPhase section */

/* Begin PBXVariantGroup section */
		7193C3CB2870C2E500CBEBF1 /* Main.storyboard */ = {
			isa = PBXVariantGroup;
			children = (
				7193C3CC2870C2E500CBEBF1 /* Base */,
			);
			name = Main.storyboard;
			sourceTree = "<group>";
		};
		7193C3D02870C2E600CBEBF1 /* LaunchScreen.storyboard */ = {
			isa = PBXVariantGroup;
			children = (
				7193C3D12870C2E600CBEBF1 /* Base */,
			);
			name = LaunchScreen.storyboard;
			sourceTree = "<group>";
		};
/* End PBXVariantGroup section */

/* Begin XCBuildConfiguration section */
		7193C3D42870C2E600CBEBF1 /* Debug */ = {
			isa = XCBuildConfiguration;
			buildSettings = {
				ALWAYS_SEARCH_USER_PATHS = NO;
				CLANG_ANALYZER_NONNULL = YES;
				CLANG_ANALYZER_NUMBER_OBJECT_CONVERSION = YES_AGGRESSIVE;
				CLANG_CXX_LANGUAGE_STANDARD = "gnu++17";
				CLANG_ENABLE_MODULES = YES;
				CLANG_ENABLE_OBJC_ARC = YES;
				CLANG_ENABLE_OBJC_WEAK = YES;
				CLANG_WARN_BLOCK_CAPTURE_AUTORELEASING = YES;
				CLANG_WARN_BOOL_CONVERSION = YES;
				CLANG_WARN_COMMA = YES;
				CLANG_WARN_CONSTANT_CONVERSION = YES;
				CLANG_WARN_DEPRECATED_OBJC_IMPLEMENTATIONS = YES;
				CLANG_WARN_DIRECT_OBJC_ISA_USAGE = YES_ERROR;
				CLANG_WARN_DOCUMENTATION_COMMENTS = YES;
				CLANG_WARN_EMPTY_BODY = YES;
				CLANG_WARN_ENUM_CONVERSION = YES;
				CLANG_WARN_INFINITE_RECURSION = YES;
				CLANG_WARN_INT_CONVERSION = YES;
				CLANG_WARN_NON_LITERAL_NULL_CONVERSION = YES;
				CLANG_WARN_OBJC_IMPLICIT_RETAIN_SELF = YES;
				CLANG_WARN_OBJC_LITERAL_CONVERSION = YES;
				CLANG_WARN_OBJC_ROOT_CLASS = YES_ERROR;
				CLANG_WARN_QUOTED_INCLUDE_IN_FRAMEWORK_HEADER = YES;
				CLANG_WARN_RANGE_LOOP_ANALYSIS = YES;
				CLANG_WARN_STRICT_PROTOTYPES = YES;
				CLANG_WARN_SUSPICIOUS_MOVE = YES;
				CLANG_WARN_UNGUARDED_AVAILABILITY = YES_AGGRESSIVE;
				CLANG_WARN_UNREACHABLE_CODE = YES;
				CLANG_WARN__DUPLICATE_METHOD_MATCH = YES;
				COPY_PHASE_STRIP = NO;
				DEBUG_INFORMATION_FORMAT = dwarf;
				ENABLE_STRICT_OBJC_MSGSEND = YES;
				ENABLE_TESTABILITY = YES;
				GCC_C_LANGUAGE_STANDARD = gnu11;
				GCC_DYNAMIC_NO_PIC = NO;
				GCC_NO_COMMON_BLOCKS = YES;
				GCC_OPTIMIZATION_LEVEL = 0;
				GCC_PREPROCESSOR_DEFINITIONS = (
					"DEBUG=1",
					"$(inherited)",
				);
				GCC_WARN_64_TO_32_BIT_CONVERSION = YES;
				GCC_WARN_ABOUT_RETURN_TYPE = YES_ERROR;
				GCC_WARN_UNDECLARED_SELECTOR = YES;
				GCC_WARN_UNINITIALIZED_AUTOS = YES_AGGRESSIVE;
				GCC_WARN_UNUSED_FUNCTION = YES;
				GCC_WARN_UNUSED_VARIABLE = YES;
				IPHONEOS_DEPLOYMENT_TARGET = 15.5;
				MTL_ENABLE_DEBUG_INFO = INCLUDE_SOURCE;
				MTL_FAST_MATH = YES;
				ONLY_ACTIVE_ARCH = YES;
				SDKROOT = iphoneos;
				SWIFT_ACTIVE_COMPILATION_CONDITIONS = DEBUG;
				SWIFT_OPTIMIZATION_LEVEL = "-Onone";
			};
			name = Debug;
		};
		7193C3D52870C2E600CBEBF1 /* Release */ = {
			isa = XCBuildConfiguration;
			buildSettings = {
				ALWAYS_SEARCH_USER_PATHS = NO;
				CLANG_ANALYZER_NONNULL = YES;
				CLANG_ANALYZER_NUMBER_OBJECT_CONVERSION = YES_AGGRESSIVE;
				CLANG_CXX_LANGUAGE_STANDARD = "gnu++17";
				CLANG_ENABLE_MODULES = YES;
				CLANG_ENABLE_OBJC_ARC = YES;
				CLANG_ENABLE_OBJC_WEAK = YES;
				CLANG_WARN_BLOCK_CAPTURE_AUTORELEASING = YES;
				CLANG_WARN_BOOL_CONVERSION = YES;
				CLANG_WARN_COMMA = YES;
				CLANG_WARN_CONSTANT_CONVERSION = YES;
				CLANG_WARN_DEPRECATED_OBJC_IMPLEMENTATIONS = YES;
				CLANG_WARN_DIRECT_OBJC_ISA_USAGE = YES_ERROR;
				CLANG_WARN_DOCUMENTATION_COMMENTS = YES;
				CLANG_WARN_EMPTY_BODY = YES;
				CLANG_WARN_ENUM_CONVERSION = YES;
				CLANG_WARN_INFINITE_RECURSION = YES;
				CLANG_WARN_INT_CONVERSION = YES;
				CLANG_WARN_NON_LITERAL_NULL_CONVERSION = YES;
				CLANG_WARN_OBJC_IMPLICIT_RETAIN_SELF = YES;
				CLANG_WARN_OBJC_LITERAL_CONVERSION = YES;
				CLANG_WARN_OBJC_ROOT_CLASS = YES_ERROR;
				CLANG_WARN_QUOTED_INCLUDE_IN_FRAMEWORK_HEADER = YES;
				CLANG_WARN_RANGE_LOOP_ANALYSIS = YES;
				CLANG_WARN_STRICT_PROTOTYPES = YES;
				CLANG_WARN_SUSPICIOUS_MOVE = YES;
				CLANG_WARN_UNGUARDED_AVAILABILITY = YES_AGGRESSIVE;
				CLANG_WARN_UNREACHABLE_CODE = YES;
				CLANG_WARN__DUPLICATE_METHOD_MATCH = YES;
				COPY_PHASE_STRIP = NO;
				DEBUG_INFORMATION_FORMAT = "dwarf-with-dsym";
				ENABLE_NS_ASSERTIONS = NO;
				ENABLE_STRICT_OBJC_MSGSEND = YES;
				GCC_C_LANGUAGE_STANDARD = gnu11;
				GCC_NO_COMMON_BLOCKS = YES;
				GCC_WARN_64_TO_32_BIT_CONVERSION = YES;
				GCC_WARN_ABOUT_RETURN_TYPE = YES_ERROR;
				GCC_WARN_UNDECLARED_SELECTOR = YES;
				GCC_WARN_UNINITIALIZED_AUTOS = YES_AGGRESSIVE;
				GCC_WARN_UNUSED_FUNCTION = YES;
				GCC_WARN_UNUSED_VARIABLE = YES;
				IPHONEOS_DEPLOYMENT_TARGET = 15.5;
				MTL_ENABLE_DEBUG_INFO = NO;
				MTL_FAST_MATH = YES;
				SDKROOT = iphoneos;
				SWIFT_COMPILATION_MODE = wholemodule;
				SWIFT_OPTIMIZATION_LEVEL = "-O";
				VALIDATE_PRODUCT = YES;
			};
			name = Release;
		};
		7193C3D72870C2E600CBEBF1 /* Debug */ = {
			isa = XCBuildConfiguration;
			buildSettings = {
				ASSETCATALOG_COMPILER_APPICON_NAME = AppIcon;
				ASSETCATALOG_COMPILER_GLOBAL_ACCENT_COLOR_NAME = AccentColor;
				CODE_SIGN_STYLE = Automatic;
				CURRENT_PROJECT_VERSION = 1;
				DEVELOPMENT_TEAM = FAHJ57W2W9;
				GENERATE_INFOPLIST_FILE = YES;
				INFOPLIST_FILE = OgusChat/Info.plist;
				INFOPLIST_KEY_UIApplicationSupportsIndirectInputEvents = YES;
				INFOPLIST_KEY_UILaunchStoryboardName = LaunchScreen;
				INFOPLIST_KEY_UIMainStoryboardFile = Main;
				INFOPLIST_KEY_UISupportedInterfaceOrientations = UIInterfaceOrientationPortrait;
				INFOPLIST_KEY_UISupportedInterfaceOrientations_iPad = "UIInterfaceOrientationPortrait UIInterfaceOrientationPortraitUpsideDown UIInterfaceOrientationLandscapeLeft UIInterfaceOrientationLandscapeRight";
				INFOPLIST_KEY_UISupportedInterfaceOrientations_iPhone = "UIInterfaceOrientationPortrait UIInterfaceOrientationLandscapeLeft UIInterfaceOrientationLandscapeRight";
				LD_RUNPATH_SEARCH_PATHS = (
					"$(inherited)",
					"@executable_path/Frameworks",
				);
				MARKETING_VERSION = 1.0;
				PRODUCT_BUNDLE_IDENTIFIER = com.oguzhankin.OgusChat;
				PRODUCT_NAME = "$(TARGET_NAME)";
				SWIFT_EMIT_LOC_STRINGS = YES;
				SWIFT_VERSION = 5.0;
				TARGETED_DEVICE_FAMILY = "1,2";
			};
			name = Debug;
		};
		7193C3D82870C2E600CBEBF1 /* Release */ = {
			isa = XCBuildConfiguration;
			buildSettings = {
				ASSETCATALOG_COMPILER_APPICON_NAME = AppIcon;
				ASSETCATALOG_COMPILER_GLOBAL_ACCENT_COLOR_NAME = AccentColor;
				CODE_SIGN_STYLE = Automatic;
				CURRENT_PROJECT_VERSION = 1;
				DEVELOPMENT_TEAM = FAHJ57W2W9;
				GENERATE_INFOPLIST_FILE = YES;
				INFOPLIST_FILE = OgusChat/Info.plist;
				INFOPLIST_KEY_UIApplicationSupportsIndirectInputEvents = YES;
				INFOPLIST_KEY_UILaunchStoryboardName = LaunchScreen;
				INFOPLIST_KEY_UIMainStoryboardFile = Main;
				INFOPLIST_KEY_UISupportedInterfaceOrientations = UIInterfaceOrientationPortrait;
				INFOPLIST_KEY_UISupportedInterfaceOrientations_iPad = "UIInterfaceOrientationPortrait UIInterfaceOrientationPortraitUpsideDown UIInterfaceOrientationLandscapeLeft UIInterfaceOrientationLandscapeRight";
				INFOPLIST_KEY_UISupportedInterfaceOrientations_iPhone = "UIInterfaceOrientationPortrait UIInterfaceOrientationLandscapeLeft UIInterfaceOrientationLandscapeRight";
				LD_RUNPATH_SEARCH_PATHS = (
					"$(inherited)",
					"@executable_path/Frameworks",
				);
				MARKETING_VERSION = 1.0;
				PRODUCT_BUNDLE_IDENTIFIER = com.oguzhankin.OgusChat;
				PRODUCT_NAME = "$(TARGET_NAME)";
				SWIFT_EMIT_LOC_STRINGS = YES;
				SWIFT_VERSION = 5.0;
				TARGETED_DEVICE_FAMILY = "1,2";
			};
			name = Release;
		};
/* End XCBuildConfiguration section */

/* Begin XCConfigurationList section */
		7193C3BD2870C2E500CBEBF1 /* Build configuration list for PBXProject "OgusChat" */ = {
			isa = XCConfigurationList;
			buildConfigurations = (
				7193C3D42870C2E600CBEBF1 /* Debug */,
				7193C3D52870C2E600CBEBF1 /* Release */,
			);
			defaultConfigurationIsVisible = 0;
			defaultConfigurationName = Release;
		};
		7193C3D62870C2E600CBEBF1 /* Build configuration list for PBXNativeTarget "OgusChat" */ = {
			isa = XCConfigurationList;
			buildConfigurations = (
				7193C3D72870C2E600CBEBF1 /* Debug */,
				7193C3D82870C2E600CBEBF1 /* Release */,
			);
			defaultConfigurationIsVisible = 0;
			defaultConfigurationName = Release;
		};
/* End XCConfigurationList section */

/* Begin XCRemoteSwiftPackageReference section */
		713DFE52288B26470070113A /* XCRemoteSwiftPackageReference "firebase-ios-sdk" */ = {
			isa = XCRemoteSwiftPackageReference;
			repositoryURL = "https://github.com/firebase/firebase-ios-sdk";
			requirement = {
				branch = master;
				kind = branch;
			};
		};
/* End XCRemoteSwiftPackageReference section */

/* Begin XCSwiftPackageProductDependency section */
		713DFE53288B26470070113A /* FirebaseAuth */ = {
			isa = XCSwiftPackageProductDependency;
			package = 713DFE52288B26470070113A /* XCRemoteSwiftPackageReference "firebase-ios-sdk" */;
			productName = FirebaseAuth;
		};
		713DFE55288B26470070113A /* FirebaseAuthCombine-Community */ = {
			isa = XCSwiftPackageProductDependency;
			package = 713DFE52288B26470070113A /* XCRemoteSwiftPackageReference "firebase-ios-sdk" */;
			productName = "FirebaseAuthCombine-Community";
		};
		713DFE57288B26470070113A /* FirebaseDatabase */ = {
			isa = XCSwiftPackageProductDependency;
			package = 713DFE52288B26470070113A /* XCRemoteSwiftPackageReference "firebase-ios-sdk" */;
			productName = FirebaseDatabase;
		};
		713DFE59288B26470070113A /* FirebaseDatabaseSwift */ = {
			isa = XCSwiftPackageProductDependency;
			package = 713DFE52288B26470070113A /* XCRemoteSwiftPackageReference "firebase-ios-sdk" */;
			productName = FirebaseDatabaseSwift;
		};
		713DFE5B288B26470070113A /* FirebaseFirestore */ = {
			isa = XCSwiftPackageProductDependency;
			package = 713DFE52288B26470070113A /* XCRemoteSwiftPackageReference "firebase-ios-sdk" */;
			productName = FirebaseFirestore;
		};
		713DFE5D288B26470070113A /* FirebaseFirestoreSwift */ = {
			isa = XCSwiftPackageProductDependency;
			package = 713DFE52288B26470070113A /* XCRemoteSwiftPackageReference "firebase-ios-sdk" */;
			productName = FirebaseFirestoreSwift;
		};
		713DFE5F288B26470070113A /* FirebaseFunctions */ = {
			isa = XCSwiftPackageProductDependency;
			package = 713DFE52288B26470070113A /* XCRemoteSwiftPackageReference "firebase-ios-sdk" */;
			productName = FirebaseFunctions;
		};
		713DFE61288B26470070113A /* FirebaseFunctionsCombine-Community */ = {
			isa = XCSwiftPackageProductDependency;
			package = 713DFE52288B26470070113A /* XCRemoteSwiftPackageReference "firebase-ios-sdk" */;
			productName = "FirebaseFunctionsCombine-Community";
		};
		713DFE63288B26470070113A /* FirebaseInAppMessaging-Beta */ = {
			isa = XCSwiftPackageProductDependency;
			package = 713DFE52288B26470070113A /* XCRemoteSwiftPackageReference "firebase-ios-sdk" */;
			productName = "FirebaseInAppMessaging-Beta";
		};
		713DFE65288B26470070113A /* FirebaseInAppMessagingSwift-Beta */ = {
			isa = XCSwiftPackageProductDependency;
			package = 713DFE52288B26470070113A /* XCRemoteSwiftPackageReference "firebase-ios-sdk" */;
			productName = "FirebaseInAppMessagingSwift-Beta";
		};
		713DFE67288B26470070113A /* FirebaseInstallations */ = {
			isa = XCSwiftPackageProductDependency;
			package = 713DFE52288B26470070113A /* XCRemoteSwiftPackageReference "firebase-ios-sdk" */;
			productName = FirebaseInstallations;
		};
		713DFE69288B26470070113A /* FirebaseMessaging */ = {
			isa = XCSwiftPackageProductDependency;
			package = 713DFE52288B26470070113A /* XCRemoteSwiftPackageReference "firebase-ios-sdk" */;
			productName = FirebaseMessaging;
		};
		713DFE6B288B26470070113A /* FirebaseStorage */ = {
			isa = XCSwiftPackageProductDependency;
			package = 713DFE52288B26470070113A /* XCRemoteSwiftPackageReference "firebase-ios-sdk" */;
			productName = FirebaseStorage;
		};
/* End XCSwiftPackageProductDependency section */
	};
	rootObject = 7193C3BA2870C2E500CBEBF1 /* Project object */;
}
